
Microsoft Visual Studio Solution File, Format Version 12.00
# Visual Studio Version 17
VisualStudioVersion = 17.11.35312.102
MinimumVisualStudioVersion = 10.0.40219.1
Project("{FAE04EC0-301F-11D3-BF4B-00C04F79EFBC}") = "Serial_Monitor_App", "Serial_Monitor_App\Serial_Monitor_App.csproj", "{1223BAFC-3D26-4B1D-A397-CC4AFB9979B0}"
EndProject
Global
	GlobalSection(SolutionConfigurationPlatforms) = preSolution
		Debug|Any CPU = Debug|Any CPU
		Release|Any CPU = Release|Any CPU
	EndGlobalSection
	GlobalSection(ProjectConfigurationPlatforms) = postSolution
		{1223BAFC-3D26-4B1D-A397-CC4AFB9979B0}.Debug|Any CPU.ActiveCfg = Debug|Any CPU
		{1223BAFC-3D26-4B1D-A397-CC4AFB9979B0}.Debug|Any CPU.Build.0 = Debug|Any CPU
		{1223BAFC-3D26-4B1D-A397-CC4AFB9979B0}.Release|Any CPU.ActiveCfg = Release|Any CPU
		{1223BAFC-3D26-4B1D-A397-CC4AFB9979B0}.Release|Any CPU.Build.0 = Release|Any CPU
	EndGlobalSection
	GlobalSection(SolutionProperties) = preSolution
		HideSolutionNode = FALSE
	EndGlobalSection
	GlobalSection(ExtensibilityGlobals) = postSolution
		SolutionGuid = {8C1B1D56-3BF0-41CD-AA03-0CBB9092CD5E}
	EndGlobalSection
EndGlobal
